
Microsoft Visual Studio Solution File, Format Version 12.00
# Visual Studio Version 16
VisualStudioVersion = 16.0.31729.503
MinimumVisualStudioVersion = 10.0.40219.1
Project("{FAE04EC0-301F-11D3-BF4B-00C04F79EFBC}") = "ChineseNewYear_CHW_38", "ChineseNewYear_CHW_38\ChineseNewYear_CHW_38.csproj", "{5D1CD8D8-582C-4FBB-A9C8-673F138A0B64}"
EndProject
Global
	GlobalSection(SolutionConfigurationPlatforms) = preSolution
		Debug|Any CPU = Debug|Any CPU
		Release|Any CPU = Release|Any CPU
	EndGlobalSection
	GlobalSection(ProjectConfigurationPlatforms) = postSolution
		{5D1CD8D8-582C-4FBB-A9C8-673F138A0B64}.Debug|Any CPU.ActiveCfg = Debug|Any CPU
		{5D1CD8D8-582C-4FBB-A9C8-673F138A0B64}.Debug|Any CPU.Build.0 = Debug|Any CPU
		{5D1CD8D8-582C-4FBB-A9C8-673F138A0B64}.Release|Any CPU.ActiveCfg = Release|Any CPU
		{5D1CD8D8-582C-4FBB-A9C8-673F138A0B64}.Release|Any CPU.Build.0 = Release|Any CPU
	EndGlobalSection
	GlobalSection(SolutionProperties) = preSolution
		HideSolutionNode = FALSE
	EndGlobalSection
	GlobalSection(ExtensibilityGlobals) = postSolution
		SolutionGuid = {E73E981E-50B4-498C-97EA-C4DE6B128D11}
	EndGlobalSection
EndGlobal
